
Microsoft Visual Studio Solution File, Format Version 12.00
# Visual Studio 15
VisualStudioVersion = 15.0.26730.8
MinimumVisualStudioVersion = 10.0.40219.1
Project("{00D1A9C2-B5F0-4AF3-8072-F6C62B433612}") = "Mehrsan.Db", "Mehrsan.Db\Mehrsan.Db.sqlproj", "{33BB2EFA-578C-42E6-9998-3E439B891FEA}"
EndProject
Project("{FAE04EC0-301F-11D3-BF4B-00C04F79EFBC}") = "Mehrsan.Dal.DB", "Mehsan.Dal.DB\Mehrsan.Dal.DB.csproj", "{0CAF3C5D-B185-48C7-8B42-B606CF19A778}"
EndProject
Project("{FAE04EC0-301F-11D3-BF4B-00C04F79EFBC}") = "Mehrsan.Agent", "Mehrsan.Agent\Mehrsan.Agent.csproj", "{287DD462-9622-496B-890B-9BFF9E713E6E}"
EndProject
Project("{FAE04EC0-301F-11D3-BF4B-00C04F79EFBC}") = "Mehrsan.Common", "Mehrsan.Common\Mehrsan.Common.csproj", "{EB6D1F71-1462-4D2A-B5EE-BA84BF52DC82}"
EndProject
Project("{FAE04EC0-301F-11D3-BF4B-00C04F79EFBC}") = "Mehrsan.Business", "Mehrsan.Business\Mehrsan.Business.csproj", "{ACBD01DD-7692-4644-A6C2-ECDCDD0E610B}"
EndProject
Project("{FAE04EC0-301F-11D3-BF4B-00C04F79EFBC}") = "Mehrsan.Test", "Mehrsan.Test\Mehrsan.Test.csproj", "{F1D7C36F-34E4-4A0C-9674-ACB258DC2A5A}"
EndProject
Project("{9A19103F-16F7-4668-BE54-9A1E7A4F7556}") = "Mehrsan.Core.Web", "Mehrsan.Core.Web\Mehrsan.Core.Web.csproj", "{D3E35F7B-93EF-466D-9535-28E84CB1ACCE}"
EndProject
Project("{FAE04EC0-301F-11D3-BF4B-00C04F79EFBC}") = "Mehrsan.Dal.DBTests", "Mehrsan.Dal.DBTests\Mehrsan.Dal.DBTests.csproj", "{C9F2CB27-29F4-4E18-AF09-5939DCC39658}"
EndProject
Project("{2150E333-8FDC-42A3-9474-1A3956D46DE8}") = ".build", ".build", "{C10E9FC8-6EFD-460A-9C39-7D726A4BD351}"
	ProjectSection(SolutionItems) = preProject
		.build\build.ps1 = .build\build.ps1
	EndProjectSection
EndProject
Project("{2150E333-8FDC-42A3-9474-1A3956D46DE8}") = "tasks", "tasks", "{B9572036-9C67-4A21-A308-B07FFF7A376E}"
EndProject
Project("{2150E333-8FDC-42A3-9474-1A3956D46DE8}") = "scripts", "scripts", "{CCC26D5E-325E-409A-8B09-C6027FCC4D42}"
EndProject
Project("{FAE04EC0-301F-11D3-BF4B-00C04F79EFBC}") = "Mehrsan.Core.Web.Test", "Mehrsan.Core.Web.Test\Mehrsan.Core.Web.Test.csproj", "{652A2895-ED08-4F43-B953-0C06462061D3}"
EndProject
Global
	GlobalSection(SolutionConfigurationPlatforms) = preSolution
		Debug|Any CPU = Debug|Any CPU
		Release|Any CPU = Release|Any CPU
	EndGlobalSection
	GlobalSection(ProjectConfigurationPlatforms) = postSolution
		{33BB2EFA-578C-42E6-9998-3E439B891FEA}.Debug|Any CPU.ActiveCfg = Debug|Any CPU
		{33BB2EFA-578C-42E6-9998-3E439B891FEA}.Debug|Any CPU.Build.0 = Debug|Any CPU
		{33BB2EFA-578C-42E6-9998-3E439B891FEA}.Debug|Any CPU.Deploy.0 = Debug|Any CPU
		{33BB2EFA-578C-42E6-9998-3E439B891FEA}.Release|Any CPU.ActiveCfg = Release|Any CPU
		{33BB2EFA-578C-42E6-9998-3E439B891FEA}.Release|Any CPU.Build.0 = Release|Any CPU
		{33BB2EFA-578C-42E6-9998-3E439B891FEA}.Release|Any CPU.Deploy.0 = Release|Any CPU
		{0CAF3C5D-B185-48C7-8B42-B606CF19A778}.Debug|Any CPU.ActiveCfg = Debug|Any CPU
		{0CAF3C5D-B185-48C7-8B42-B606CF19A778}.Debug|Any CPU.Build.0 = Debug|Any CPU
		{0CAF3C5D-B185-48C7-8B42-B606CF19A778}.Release|Any CPU.ActiveCfg = Release|Any CPU
		{0CAF3C5D-B185-48C7-8B42-B606CF19A778}.Release|Any CPU.Build.0 = Release|Any CPU
		{287DD462-9622-496B-890B-9BFF9E713E6E}.Debug|Any CPU.ActiveCfg = Debug|Any CPU
		{287DD462-9622-496B-890B-9BFF9E713E6E}.Debug|Any CPU.Build.0 = Debug|Any CPU
		{287DD462-9622-496B-890B-9BFF9E713E6E}.Release|Any CPU.ActiveCfg = Release|Any CPU
		{287DD462-9622-496B-890B-9BFF9E713E6E}.Release|Any CPU.Build.0 = Release|Any CPU
		{EB6D1F71-1462-4D2A-B5EE-BA84BF52DC82}.Debug|Any CPU.ActiveCfg = Debug|Any CPU
		{EB6D1F71-1462-4D2A-B5EE-BA84BF52DC82}.Debug|Any CPU.Build.0 = Debug|Any CPU
		{EB6D1F71-1462-4D2A-B5EE-BA84BF52DC82}.Release|Any CPU.ActiveCfg = Release|Any CPU
		{EB6D1F71-1462-4D2A-B5EE-BA84BF52DC82}.Release|Any CPU.Build.0 = Release|Any CPU
		{ACBD01DD-7692-4644-A6C2-ECDCDD0E610B}.Debug|Any CPU.ActiveCfg = Debug|Any CPU
		{ACBD01DD-7692-4644-A6C2-ECDCDD0E610B}.Debug|Any CPU.Build.0 = Debug|Any CPU
		{ACBD01DD-7692-4644-A6C2-ECDCDD0E610B}.Release|Any CPU.ActiveCfg = Release|Any CPU
		{ACBD01DD-7692-4644-A6C2-ECDCDD0E610B}.Release|Any CPU.Build.0 = Release|Any CPU
		{F1D7C36F-34E4-4A0C-9674-ACB258DC2A5A}.Debug|Any CPU.ActiveCfg = Debug|Any CPU
		{F1D7C36F-34E4-4A0C-9674-ACB258DC2A5A}.Debug|Any CPU.Build.0 = Debug|Any CPU
		{F1D7C36F-34E4-4A0C-9674-ACB258DC2A5A}.Release|Any CPU.ActiveCfg = Release|Any CPU
		{F1D7C36F-34E4-4A0C-9674-ACB258DC2A5A}.Release|Any CPU.Build.0 = Release|Any CPU
		{D3E35F7B-93EF-466D-9535-28E84CB1ACCE}.Debug|Any CPU.ActiveCfg = Debug|Any CPU
		{D3E35F7B-93EF-466D-9535-28E84CB1ACCE}.Debug|Any CPU.Build.0 = Debug|Any CPU
		{D3E35F7B-93EF-466D-9535-28E84CB1ACCE}.Release|Any CPU.ActiveCfg = Release|Any CPU
		{D3E35F7B-93EF-466D-9535-28E84CB1ACCE}.Release|Any CPU.Build.0 = Release|Any CPU
		{C9F2CB27-29F4-4E18-AF09-5939DCC39658}.Debug|Any CPU.ActiveCfg = Debug|Any CPU
		{C9F2CB27-29F4-4E18-AF09-5939DCC39658}.Debug|Any CPU.Build.0 = Debug|Any CPU
		{C9F2CB27-29F4-4E18-AF09-5939DCC39658}.Release|Any CPU.ActiveCfg = Release|Any CPU
		{C9F2CB27-29F4-4E18-AF09-5939DCC39658}.Release|Any CPU.Build.0 = Release|Any CPU
		{652A2895-ED08-4F43-B953-0C06462061D3}.Debug|Any CPU.ActiveCfg = Debug|Any CPU
		{652A2895-ED08-4F43-B953-0C06462061D3}.Debug|Any CPU.Build.0 = Debug|Any CPU
		{652A2895-ED08-4F43-B953-0C06462061D3}.Release|Any CPU.ActiveCfg = Release|Any CPU
		{652A2895-ED08-4F43-B953-0C06462061D3}.Release|Any CPU.Build.0 = Release|Any CPU
	EndGlobalSection
	GlobalSection(SolutionProperties) = preSolution
		HideSolutionNode = FALSE
	EndGlobalSection
	GlobalSection(NestedProjects) = preSolution
		{B9572036-9C67-4A21-A308-B07FFF7A376E} = {C10E9FC8-6EFD-460A-9C39-7D726A4BD351}
		{CCC26D5E-325E-409A-8B09-C6027FCC4D42} = {C10E9FC8-6EFD-460A-9C39-7D726A4BD351}
	EndGlobalSection
	GlobalSection(ExtensibilityGlobals) = postSolution
		SolutionGuid = {C074AC10-F5AF-444D-909F-6021CFC5C0CB}
	EndGlobalSection
EndGlobal
